
Microsoft Visual Studio Solution File, Format Version 12.00
# Visual Studio Version 17
VisualStudioVersion = 17.4.33110.190
MinimumVisualStudioVersion = 10.0.40219.1
Project("{FAE04EC0-301F-11D3-BF4B-00C04F79EFBC}") = "DemoEFCore6Udemy", "DemoEFCore6Udemy\DemoEFCore6Udemy.csproj", "{4772E253-69C7-4B68-85C5-384124C37FB3}"
EndProject
Global
	GlobalSection(SolutionConfigurationPlatforms) = preSolution
		Debug|Any CPU = Debug|Any CPU
		Release|Any CPU = Release|Any CPU
	EndGlobalSection
	GlobalSection(ProjectConfigurationPlatforms) = postSolution
		{4772E253-69C7-4B68-85C5-384124C37FB3}.Debug|Any CPU.ActiveCfg = Debug|Any CPU
		{4772E253-69C7-4B68-85C5-384124C37FB3}.Debug|Any CPU.Build.0 = Debug|Any CPU
		{4772E253-69C7-4B68-85C5-384124C37FB3}.Release|Any CPU.ActiveCfg = Release|Any CPU
		{4772E253-69C7-4B68-85C5-384124C37FB3}.Release|Any CPU.Build.0 = Release|Any CPU
	EndGlobalSection
	GlobalSection(SolutionProperties) = preSolution
		HideSolutionNode = FALSE
	EndGlobalSection
	GlobalSection(ExtensibilityGlobals) = postSolution
		SolutionGuid = {BE9B1494-DEBB-4460-86B6-8D1630F1024B}
	EndGlobalSection
EndGlobal
