
Microsoft Visual Studio Solution File, Format Version 12.00
# Visual Studio Version 16
VisualStudioVersion = 16.0.31424.327
MinimumVisualStudioVersion = 10.0.40219.1
Project("{9A19103F-16F7-4668-BE54-9A1E7A4F7556}") = "BlazorPeliculas.Server", "BlazorPeliculas\Server\BlazorPeliculas.Server.csproj", "{A24FBA3A-664B-44EF-BBBE-DA8C4128EB20}"
EndProject
Project("{9A19103F-16F7-4668-BE54-9A1E7A4F7556}") = "BlazorPeliculas.Client", "BlazorPeliculas\Client\BlazorPeliculas.Client.csproj", "{52EFCDE0-EFD6-48C0-BA2D-74018C43CF8E}"
EndProject
Project("{9A19103F-16F7-4668-BE54-9A1E7A4F7556}") = "BlazorPeliculas.Shared", "BlazorPeliculas\Shared\BlazorPeliculas.Shared.csproj", "{6A8FB4D7-4685-4995-B46C-99FCB83C298A}"
EndProject
Global
	GlobalSection(SolutionConfigurationPlatforms) = preSolution
		Debug|Any CPU = Debug|Any CPU
		Release|Any CPU = Release|Any CPU
	EndGlobalSection
	GlobalSection(ProjectConfigurationPlatforms) = postSolution
		{A24FBA3A-664B-44EF-BBBE-DA8C4128EB20}.Debug|Any CPU.ActiveCfg = Debug|Any CPU
		{A24FBA3A-664B-44EF-BBBE-DA8C4128EB20}.Debug|Any CPU.Build.0 = Debug|Any CPU
		{A24FBA3A-664B-44EF-BBBE-DA8C4128EB20}.Release|Any CPU.ActiveCfg = Release|Any CPU
		{A24FBA3A-664B-44EF-BBBE-DA8C4128EB20}.Release|Any CPU.Build.0 = Release|Any CPU
		{52EFCDE0-EFD6-48C0-BA2D-74018C43CF8E}.Debug|Any CPU.ActiveCfg = Debug|Any CPU
		{52EFCDE0-EFD6-48C0-BA2D-74018C43CF8E}.Debug|Any CPU.Build.0 = Debug|Any CPU
		{52EFCDE0-EFD6-48C0-BA2D-74018C43CF8E}.Release|Any CPU.ActiveCfg = Release|Any CPU
		{52EFCDE0-EFD6-48C0-BA2D-74018C43CF8E}.Release|Any CPU.Build.0 = Release|Any CPU
		{6A8FB4D7-4685-4995-B46C-99FCB83C298A}.Debug|Any CPU.ActiveCfg = Debug|Any CPU
		{6A8FB4D7-4685-4995-B46C-99FCB83C298A}.Debug|Any CPU.Build.0 = Debug|Any CPU
		{6A8FB4D7-4685-4995-B46C-99FCB83C298A}.Release|Any CPU.ActiveCfg = Release|Any CPU
		{6A8FB4D7-4685-4995-B46C-99FCB83C298A}.Release|Any CPU.Build.0 = Release|Any CPU
	EndGlobalSection
	GlobalSection(SolutionProperties) = preSolution
		HideSolutionNode = FALSE
	EndGlobalSection
	GlobalSection(ExtensibilityGlobals) = postSolution
		SolutionGuid = {13DE4A4A-253F-4BBF-BEFE-51E4C92BEAF1}
	EndGlobalSection
EndGlobal
